
Microsoft Visual Studio Solution File, Format Version 11.00
# Visual Studio 2010
Project("{FAE04EC0-301F-11D3-BF4B-00C04F79EFBC}") = "Lab.Drivers.ARC_SpectraProDLL_Wrapper.Test", "Lab.Drivers.ARC_SpectraProDLL_Wrapper.Test\Lab.Drivers.ARC_SpectraProDLL_Wrapper.Test.csproj", "{FFFC3817-55E6-4E09-8956-999CBA2BEF1A}"
EndProject
Project("{8BC9CEB8-8B4A-11D0-8D11-00A0C91BC942}") = "Lab.Drivers.ARC_SpectraProDLL_ManagedWrapper", "..\..\..\CPP\Libraries\Lab.Drivers.ARC_SpectraProDLL_ManagedWrapper\Lab.Drivers.ARC_SpectraProDLL_ManagedWrapper.vcxproj", "{492AB10A-3AD5-4879-8675-2D6D45B4F3FD}"
EndProject
Global
	GlobalSection(SolutionConfigurationPlatforms) = preSolution
		Debug|Any CPU = Debug|Any CPU
		Debug|Mixed Platforms = Debug|Mixed Platforms
		Debug|Win32 = Debug|Win32
		Debug|x86 = Debug|x86
		Release|Any CPU = Release|Any CPU
		Release|Mixed Platforms = Release|Mixed Platforms
		Release|Win32 = Release|Win32
		Release|x86 = Release|x86
	EndGlobalSection
	GlobalSection(ProjectConfigurationPlatforms) = postSolution
		{FFFC3817-55E6-4E09-8956-999CBA2BEF1A}.Debug|Any CPU.ActiveCfg = Debug|x86
		{FFFC3817-55E6-4E09-8956-999CBA2BEF1A}.Debug|Mixed Platforms.ActiveCfg = Debug|x86
		{FFFC3817-55E6-4E09-8956-999CBA2BEF1A}.Debug|Mixed Platforms.Build.0 = Debug|x86
		{FFFC3817-55E6-4E09-8956-999CBA2BEF1A}.Debug|Win32.ActiveCfg = Debug|x86
		{FFFC3817-55E6-4E09-8956-999CBA2BEF1A}.Debug|x86.ActiveCfg = Debug|x86
		{FFFC3817-55E6-4E09-8956-999CBA2BEF1A}.Debug|x86.Build.0 = Debug|x86
		{FFFC3817-55E6-4E09-8956-999CBA2BEF1A}.Release|Any CPU.ActiveCfg = Release|x86
		{FFFC3817-55E6-4E09-8956-999CBA2BEF1A}.Release|Mixed Platforms.ActiveCfg = Release|x86
		{FFFC3817-55E6-4E09-8956-999CBA2BEF1A}.Release|Mixed Platforms.Build.0 = Release|x86
		{FFFC3817-55E6-4E09-8956-999CBA2BEF1A}.Release|Win32.ActiveCfg = Release|x86
		{FFFC3817-55E6-4E09-8956-999CBA2BEF1A}.Release|x86.ActiveCfg = Release|x86
		{FFFC3817-55E6-4E09-8956-999CBA2BEF1A}.Release|x86.Build.0 = Release|x86
		{492AB10A-3AD5-4879-8675-2D6D45B4F3FD}.Debug|Any CPU.ActiveCfg = Debug|Win32
		{492AB10A-3AD5-4879-8675-2D6D45B4F3FD}.Debug|Mixed Platforms.ActiveCfg = Debug|Win32
		{492AB10A-3AD5-4879-8675-2D6D45B4F3FD}.Debug|Mixed Platforms.Build.0 = Debug|Win32
		{492AB10A-3AD5-4879-8675-2D6D45B4F3FD}.Debug|Win32.ActiveCfg = Debug|Win32
		{492AB10A-3AD5-4879-8675-2D6D45B4F3FD}.Debug|Win32.Build.0 = Debug|Win32
		{492AB10A-3AD5-4879-8675-2D6D45B4F3FD}.Debug|x86.ActiveCfg = Debug|Win32
		{492AB10A-3AD5-4879-8675-2D6D45B4F3FD}.Release|Any CPU.ActiveCfg = Release|Win32
		{492AB10A-3AD5-4879-8675-2D6D45B4F3FD}.Release|Mixed Platforms.ActiveCfg = Release|Win32
		{492AB10A-3AD5-4879-8675-2D6D45B4F3FD}.Release|Mixed Platforms.Build.0 = Release|Win32
		{492AB10A-3AD5-4879-8675-2D6D45B4F3FD}.Release|Win32.ActiveCfg = Release|Win32
		{492AB10A-3AD5-4879-8675-2D6D45B4F3FD}.Release|Win32.Build.0 = Release|Win32
		{492AB10A-3AD5-4879-8675-2D6D45B4F3FD}.Release|x86.ActiveCfg = Release|Win32
	EndGlobalSection
	GlobalSection(SolutionProperties) = preSolution
		HideSolutionNode = FALSE
	EndGlobalSection
EndGlobal
