
Microsoft Visual Studio Solution File, Format Version 9.00
# Visual Studio 2005
Project("{FAE04EC0-301F-11D3-BF4B-00C04F79EFBC}") = "MultiOOIDLL_Wrapper", "MultiOOIDLL_Wrapper\MultiOOIDLL_Wrapper.csproj", "{09EF300D-F56F-47F1-B19E-71BF1AF9B78C}"
EndProject
Global
	GlobalSection(SolutionConfigurationPlatforms) = preSolution
		Debug|Any CPU = Debug|Any CPU
		Release|Any CPU = Release|Any CPU
	EndGlobalSection
	GlobalSection(ProjectConfigurationPlatforms) = postSolution
		{09EF300D-F56F-47F1-B19E-71BF1AF9B78C}.Debug|Any CPU.ActiveCfg = Debug|Any CPU
		{09EF300D-F56F-47F1-B19E-71BF1AF9B78C}.Debug|Any CPU.Build.0 = Debug|Any CPU
		{09EF300D-F56F-47F1-B19E-71BF1AF9B78C}.Release|Any CPU.ActiveCfg = Release|Any CPU
		{09EF300D-F56F-47F1-B19E-71BF1AF9B78C}.Release|Any CPU.Build.0 = Release|Any CPU
	EndGlobalSection
	GlobalSection(SolutionProperties) = preSolution
		HideSolutionNode = FALSE
	EndGlobalSection
EndGlobal
